# THIS IS AN AUTOGENERATED FILE. DO NOT EDIT THIS FILE DIRECTLY.
# yarn lockfile v1


"@iktakahiro/markdown-it-katex@^3.1.0":
  version "3.1.0"
  resolved "https://registry.yarnpkg.com/@iktakahiro/markdown-it-katex/-/markdown-it-katex-3.1.0.tgz#cd40c1037f038ab00cbfee2464604435848deae9"
  integrity sha512-Im2hih9ZkUqnUP7FhK0DTkGEVHgKNQ3BNQlbiBreWjSFPxysdylP1Ns5hLvoO+IdI1drhiiip/54VP8Gs3fLvw==
  dependencies:
    katex "^0.10.0"

commander@^2.19.0:
  version "2.20.0"
  resolved "https://registry.yarnpkg.com/commander/-/commander-2.20.0.tgz#d58bb2b5c1ee8f87b0d340027e9e94e222c5a422"
  integrity sha512-7j2y+40w61zy6YC2iRNpUe/NwhNyoXrYpHMrSunaMG64nRnaf96zO/KMQR4OyN/UnE5KLyEBnKHd4aG3rskjpQ==

katex@^0.10.0:
  version "0.10.2"
  resolved "https://registry.yarnpkg.com/katex/-/katex-0.10.2.tgz#39973edbb65eda5b6f9e7f41648781e557dd4932"
  integrity sha512-cQOmyIRoMloCoSIOZ1+gEwsksdJZ1EW4SWm3QzxSza/QsnZr6D4U1V9S4q+B/OLm2OQ8TCBecQ8MaIfnScI7cw==
  dependencies:
    commander "^2.19.0"

vuepress-plugin-latex@^0.1.3:
  version "0.1.3"
  resolved "https://registry.yarnpkg.com/vuepress-plugin-latex/-/vuepress-plugin-latex-0.1.3.tgz#1f1d3d193b3a0e89e8dd33c1e8d574087b68e9b7"
  integrity sha512-nKEP5TMU3ZPusqlsmK6kJudww8962Hh6PWbEaGYCZSMv+8SS/iE4RI5El+90RSXVz/hzjYPNls32k5gbNAFNRg==
  dependencies:
    "@iktakahiro/markdown-it-katex" "^3.1.0"
    katex "^0.10.0"
